<?xml version="1.0" encoding="utf-8"?>
<Project ToolsVersion="4.0" xmlns="http://schemas.microsoft.com/developer/msbuild/2003">
  <ItemGroup>
    <ClCompile Include="surface.cpp">
      <Filter>template code</Filter>
    </ClCompile>
    <ClCompile Include="template.cpp">
      <Filter>template code</Filter>
    </ClCompile>
    <ClCompile Include="..\src\enemy.cpp">
      <Filter>src</Filter>
    </ClCompile>
    <ClCompile Include="..\src\game.cpp">
      <Filter>src</Filter>
    </ClCompile>
    <ClCompile Include="..\src\level.cpp">
      <Filter>src</Filter>
    </ClCompile>
    <ClCompile Include="..\src\player.cpp">
      <Filter>src</Filter>
    </ClCompile>
    <ClCompile Include="..\third_party\tinyxml2.cpp">
      <Filter>third_party</Filter>
    </ClCompile>
    <ClCompile Include="..\src\entity.cpp">
      <Filter>src</Filter>
    </ClCompile>
  </ItemGroup>
  <ItemGroup>
    <ClInclude Include="surface.h">
      <Filter>template code</Filter>
    </ClInclude>
    <ClInclude Include="template.h">
      <Filter>template code</Filter>
    </ClInclude>
    <ClInclude Include="..\include\enemy.h">
      <Filter>include</Filter>
    </ClInclude>
    <ClInclude Include="..\include\game.h">
      <Filter>include</Filter>
    </ClInclude>
    <ClInclude Include="..\include\level.h">
      <Filter>include</Filter>
    </ClInclude>
    <ClInclude Include="..\include\player.h">
      <Filter>include</Filter>
    </ClInclude>
    <ClInclude Include="..\include\tinyxml2.h">
      <Filter>include</Filter>
    </ClInclude>
    <ClInclude Include="..\third_party\miniaudio.h">
      <Filter>third_party</Filter>
    </ClInclude>
    <ClInclude Include="..\third_party\tinyxml2.h">
      <Filter>third_party</Filter>
    </ClInclude>
    <ClInclude Include="..\include\entity.h">
      <Filter>include</Filter>
    </ClInclude>
  </ItemGroup>
  <ItemGroup>
    <Filter Include="template code">
      <UniqueIdentifier>{bf32dd6e-4be7-4889-8ac6-49e7ee163c40}</UniqueIdentifier>
    </Filter>
    <Filter Include="src">
      <UniqueIdentifier>{8a4bf5b5-ab9c-4551-baaf-18873fb717ca}</UniqueIdentifier>
    </Filter>
    <Filter Include="include">
      <UniqueIdentifier>{02838c42-9af9-4e58-be57-085e4b27eb36}</UniqueIdentifier>
    </Filter>
    <Filter Include="third_party">
      <UniqueIdentifier>{50fde7f4-2bc2-4d0b-a645-07067b3e19ed}</UniqueIdentifier>
    </Filter>
  </ItemGroup>
  <ItemGroup>
    <Text Include="_readme.txt">
      <Filter>template code</Filter>
    </Text>
    <Text Include="..\README.md" />
  </ItemGroup>
</Project>